
Microsoft Visual Studio Solution File, Format Version 12.00
# Visual Studio Version 16
VisualStudioVersion = 16.0.30621.155
MinimumVisualStudioVersion = 10.0.40219.1
Project("{2150E333-8FDC-42A3-9474-1A3956D46DE8}") = "src", "src", "{E3C140BE-0308-4878-8317-44FFBC60AA51}"
EndProject
Project("{2150E333-8FDC-42A3-9474-1A3956D46DE8}") = "test", "test", "{56AFE1B6-2D12-4F90-A390-FF05E91A05C9}"
EndProject
Project("{FAE04EC0-301F-11D3-BF4B-00C04F79EFBC}") = "CsvImporter", "src\CsvImporter\CsvImporter.csproj", "{253A0E6F-6689-4404-9FC0-C066C05B4F22}"
EndProject
Global
	GlobalSection(SolutionConfigurationPlatforms) = preSolution
		Debug|Any CPU = Debug|Any CPU
		Release|Any CPU = Release|Any CPU
	EndGlobalSection
	GlobalSection(ProjectConfigurationPlatforms) = postSolution
		{253A0E6F-6689-4404-9FC0-C066C05B4F22}.Debug|Any CPU.ActiveCfg = Debug|Any CPU
		{253A0E6F-6689-4404-9FC0-C066C05B4F22}.Debug|Any CPU.Build.0 = Debug|Any CPU
		{253A0E6F-6689-4404-9FC0-C066C05B4F22}.Release|Any CPU.ActiveCfg = Release|Any CPU
		{253A0E6F-6689-4404-9FC0-C066C05B4F22}.Release|Any CPU.Build.0 = Release|Any CPU
	EndGlobalSection
	GlobalSection(SolutionProperties) = preSolution
		HideSolutionNode = FALSE
	EndGlobalSection
	GlobalSection(NestedProjects) = preSolution
		{253A0E6F-6689-4404-9FC0-C066C05B4F22} = {E3C140BE-0308-4878-8317-44FFBC60AA51}
	EndGlobalSection
	GlobalSection(ExtensibilityGlobals) = postSolution
		SolutionGuid = {4B6FCF9A-4058-4F4F-A6A0-57C3D5F64C10}
	EndGlobalSection
EndGlobal
